
Microsoft Visual Studio Solution File, Format Version 12.00
# Visual Studio Version 17
VisualStudioVersion = 17.9.34701.34
MinimumVisualStudioVersion = 10.0.40219.1
Project("{8BC9CEB8-8B4A-11D0-8D11-00A0C91BC942}") = "求m区间内的最小值", "求m区间内的最小值.vcxproj", "{9AA0F9AE-A4D1-44E6-B054-26E39082FA48}"
EndProject
Global
	GlobalSection(SolutionConfigurationPlatforms) = preSolution
		Debug|x64 = Debug|x64
		Debug|x86 = Debug|x86
		Release|x64 = Release|x64
		Release|x86 = Release|x86
	EndGlobalSection
	GlobalSection(ProjectConfigurationPlatforms) = postSolution
		{9AA0F9AE-A4D1-44E6-B054-26E39082FA48}.Debug|x64.ActiveCfg = Debug|x64
		{9AA0F9AE-A4D1-44E6-B054-26E39082FA48}.Debug|x64.Build.0 = Debug|x64
		{9AA0F9AE-A4D1-44E6-B054-26E39082FA48}.Debug|x86.ActiveCfg = Debug|Win32
		{9AA0F9AE-A4D1-44E6-B054-26E39082FA48}.Debug|x86.Build.0 = Debug|Win32
		{9AA0F9AE-A4D1-44E6-B054-26E39082FA48}.Release|x64.ActiveCfg = Release|x64
		{9AA0F9AE-A4D1-44E6-B054-26E39082FA48}.Release|x64.Build.0 = Release|x64
		{9AA0F9AE-A4D1-44E6-B054-26E39082FA48}.Release|x86.ActiveCfg = Release|Win32
		{9AA0F9AE-A4D1-44E6-B054-26E39082FA48}.Release|x86.Build.0 = Release|Win32
	EndGlobalSection
	GlobalSection(SolutionProperties) = preSolution
		HideSolutionNode = FALSE
	EndGlobalSection
	GlobalSection(ExtensibilityGlobals) = postSolution
		SolutionGuid = {DEB5A367-F6D0-4A24-A368-1728B5BB03D1}
	EndGlobalSection
EndGlobal
