
Microsoft Visual Studio Solution File, Format Version 12.00
# Visual Studio Version 17
VisualStudioVersion = 17.6.33815.320
MinimumVisualStudioVersion = 10.0.40219.1
Project("{8BC9CEB8-8B4A-11D0-8D11-00A0C91BC942}") = "逆序对", "逆序对.vcxproj", "{9C3582C3-0929-442E-A84E-DD124A21647D}"
EndProject
Global
	GlobalSection(SolutionConfigurationPlatforms) = preSolution
		Debug|x64 = Debug|x64
		Debug|x86 = Debug|x86
		Release|x64 = Release|x64
		Release|x86 = Release|x86
	EndGlobalSection
	GlobalSection(ProjectConfigurationPlatforms) = postSolution
		{9C3582C3-0929-442E-A84E-DD124A21647D}.Debug|x64.ActiveCfg = Debug|x64
		{9C3582C3-0929-442E-A84E-DD124A21647D}.Debug|x64.Build.0 = Debug|x64
		{9C3582C3-0929-442E-A84E-DD124A21647D}.Debug|x86.ActiveCfg = Debug|Win32
		{9C3582C3-0929-442E-A84E-DD124A21647D}.Debug|x86.Build.0 = Debug|Win32
		{9C3582C3-0929-442E-A84E-DD124A21647D}.Release|x64.ActiveCfg = Release|x64
		{9C3582C3-0929-442E-A84E-DD124A21647D}.Release|x64.Build.0 = Release|x64
		{9C3582C3-0929-442E-A84E-DD124A21647D}.Release|x86.ActiveCfg = Release|Win32
		{9C3582C3-0929-442E-A84E-DD124A21647D}.Release|x86.Build.0 = Release|Win32
	EndGlobalSection
	GlobalSection(SolutionProperties) = preSolution
		HideSolutionNode = FALSE
	EndGlobalSection
	GlobalSection(ExtensibilityGlobals) = postSolution
		SolutionGuid = {8BFC69C0-EBE6-44F9-B223-CF7F6E6AEDB9}
	EndGlobalSection
EndGlobal
