
Microsoft Visual Studio Solution File, Format Version 12.00
# Visual Studio Version 17
VisualStudioVersion = 17.9.34701.34
MinimumVisualStudioVersion = 10.0.40219.1
Project("{8BC9CEB8-8B4A-11D0-8D11-00A0C91BC942}") = "Maze", "Maze.vcxproj", "{2A7CBE3C-C911-4B4F-8333-22DA720CB055}"
EndProject
Global
	GlobalSection(SolutionConfigurationPlatforms) = preSolution
		Debug|x64 = Debug|x64
		Debug|x86 = Debug|x86
		Release|x64 = Release|x64
		Release|x86 = Release|x86
	EndGlobalSection
	GlobalSection(ProjectConfigurationPlatforms) = postSolution
		{2A7CBE3C-C911-4B4F-8333-22DA720CB055}.Debug|x64.ActiveCfg = Debug|x64
		{2A7CBE3C-C911-4B4F-8333-22DA720CB055}.Debug|x64.Build.0 = Debug|x64
		{2A7CBE3C-C911-4B4F-8333-22DA720CB055}.Debug|x86.ActiveCfg = Debug|Win32
		{2A7CBE3C-C911-4B4F-8333-22DA720CB055}.Debug|x86.Build.0 = Debug|Win32
		{2A7CBE3C-C911-4B4F-8333-22DA720CB055}.Release|x64.ActiveCfg = Release|x64
		{2A7CBE3C-C911-4B4F-8333-22DA720CB055}.Release|x64.Build.0 = Release|x64
		{2A7CBE3C-C911-4B4F-8333-22DA720CB055}.Release|x86.ActiveCfg = Release|Win32
		{2A7CBE3C-C911-4B4F-8333-22DA720CB055}.Release|x86.Build.0 = Release|Win32
	EndGlobalSection
	GlobalSection(SolutionProperties) = preSolution
		HideSolutionNode = FALSE
	EndGlobalSection
	GlobalSection(ExtensibilityGlobals) = postSolution
		SolutionGuid = {05F09672-B8EB-469A-98D3-414557939FDA}
	EndGlobalSection
EndGlobal
