
Microsoft Visual Studio Solution File, Format Version 12.00
# Visual Studio Version 17
VisualStudioVersion = 17.9.34616.47
MinimumVisualStudioVersion = 10.0.40219.1
Project("{8BC9CEB8-8B4A-11D0-8D11-00A0C91BC942}") = "并查集", "并查集.vcxproj", "{CAAF4930-F446-4084-83AE-1717F38149DE}"
EndProject
Global
	GlobalSection(SolutionConfigurationPlatforms) = preSolution
		Debug|x64 = Debug|x64
		Debug|x86 = Debug|x86
		Release|x64 = Release|x64
		Release|x86 = Release|x86
	EndGlobalSection
	GlobalSection(ProjectConfigurationPlatforms) = postSolution
		{CAAF4930-F446-4084-83AE-1717F38149DE}.Debug|x64.ActiveCfg = Debug|x64
		{CAAF4930-F446-4084-83AE-1717F38149DE}.Debug|x64.Build.0 = Debug|x64
		{CAAF4930-F446-4084-83AE-1717F38149DE}.Debug|x86.ActiveCfg = Debug|Win32
		{CAAF4930-F446-4084-83AE-1717F38149DE}.Debug|x86.Build.0 = Debug|Win32
		{CAAF4930-F446-4084-83AE-1717F38149DE}.Release|x64.ActiveCfg = Release|x64
		{CAAF4930-F446-4084-83AE-1717F38149DE}.Release|x64.Build.0 = Release|x64
		{CAAF4930-F446-4084-83AE-1717F38149DE}.Release|x86.ActiveCfg = Release|Win32
		{CAAF4930-F446-4084-83AE-1717F38149DE}.Release|x86.Build.0 = Release|Win32
	EndGlobalSection
	GlobalSection(SolutionProperties) = preSolution
		HideSolutionNode = FALSE
	EndGlobalSection
	GlobalSection(ExtensibilityGlobals) = postSolution
		SolutionGuid = {3273F7AA-1AC8-425E-B428-E6F760C15634}
	EndGlobalSection
EndGlobal
