
Microsoft Visual Studio Solution File, Format Version 12.00
# Visual Studio Version 17
VisualStudioVersion = 17.9.34616.47
MinimumVisualStudioVersion = 10.0.40219.1
Project("{8BC9CEB8-8B4A-11D0-8D11-00A0C91BC942}") = "01背包问题", "01背包问题.vcxproj", "{6318A8B7-83D9-4152-A465-62647429ACDC}"
EndProject
Global
	GlobalSection(SolutionConfigurationPlatforms) = preSolution
		Debug|x64 = Debug|x64
		Debug|x86 = Debug|x86
		Release|x64 = Release|x64
		Release|x86 = Release|x86
	EndGlobalSection
	GlobalSection(ProjectConfigurationPlatforms) = postSolution
		{6318A8B7-83D9-4152-A465-62647429ACDC}.Debug|x64.ActiveCfg = Debug|x64
		{6318A8B7-83D9-4152-A465-62647429ACDC}.Debug|x64.Build.0 = Debug|x64
		{6318A8B7-83D9-4152-A465-62647429ACDC}.Debug|x86.ActiveCfg = Debug|Win32
		{6318A8B7-83D9-4152-A465-62647429ACDC}.Debug|x86.Build.0 = Debug|Win32
		{6318A8B7-83D9-4152-A465-62647429ACDC}.Release|x64.ActiveCfg = Release|x64
		{6318A8B7-83D9-4152-A465-62647429ACDC}.Release|x64.Build.0 = Release|x64
		{6318A8B7-83D9-4152-A465-62647429ACDC}.Release|x86.ActiveCfg = Release|Win32
		{6318A8B7-83D9-4152-A465-62647429ACDC}.Release|x86.Build.0 = Release|Win32
	EndGlobalSection
	GlobalSection(SolutionProperties) = preSolution
		HideSolutionNode = FALSE
	EndGlobalSection
	GlobalSection(ExtensibilityGlobals) = postSolution
		SolutionGuid = {3DDD0188-031C-4021-8407-2F75A4E1DD4D}
	EndGlobalSection
EndGlobal
